Microsoft Visual Studio Solution File, Format Version 12.00
# Visual Studio 2012
Project("{FAE04EC0-301F-11D3-BF4B-00C04F79EFBC}") = "cSharp2DCharacterController", "cSharp2DCharacterController.csproj", "{5692C08B-61B3-4A23-99F4-143AF470C27C}"
EndProject
Global
	GlobalSection(SolutionConfigurationPlatforms) = preSolution
	Debug|Any CPU = Debug|Any CPU
	ExportDebug|Any CPU = ExportDebug|Any CPU
	ExportRelease|Any CPU = ExportRelease|Any CPU
	EndGlobalSection
	GlobalSection(ProjectConfigurationPlatforms) = postSolution
		{5692C08B-61B3-4A23-99F4-143AF470C27C}.Debug|Any CPU.ActiveCfg = Debug|Any CPU
		{5692C08B-61B3-4A23-99F4-143AF470C27C}.Debug|Any CPU.Build.0 = Debug|Any CPU
		{5692C08B-61B3-4A23-99F4-143AF470C27C}.ExportDebug|Any CPU.ActiveCfg = ExportDebug|Any CPU
		{5692C08B-61B3-4A23-99F4-143AF470C27C}.ExportDebug|Any CPU.Build.0 = ExportDebug|Any CPU
		{5692C08B-61B3-4A23-99F4-143AF470C27C}.ExportRelease|Any CPU.ActiveCfg = ExportRelease|Any CPU
		{5692C08B-61B3-4A23-99F4-143AF470C27C}.ExportRelease|Any CPU.Build.0 = ExportRelease|Any CPU
	EndGlobalSection
EndGlobal
