Microsoft Visual Studio Solution File, Format Version 12.00
# Visual Studio 2012
Project("{FAE04EC0-301F-11D3-BF4B-00C04F79EFBC}") = "cSharp2DCharacterController", "cSharp2DCharacterController.csproj", "{3C7C7711-43FA-48A7-888F-3F565D9CDA01}"
EndProject
Global
	GlobalSection(SolutionConfigurationPlatforms) = preSolution
	Debug|Any CPU = Debug|Any CPU
	ExportDebug|Any CPU = ExportDebug|Any CPU
	ExportRelease|Any CPU = ExportRelease|Any CPU
	EndGlobalSection
	GlobalSection(ProjectConfigurationPlatforms) = postSolution
		{3C7C7711-43FA-48A7-888F-3F565D9CDA01}.Debug|Any CPU.ActiveCfg = Debug|Any CPU
		{3C7C7711-43FA-48A7-888F-3F565D9CDA01}.Debug|Any CPU.Build.0 = Debug|Any CPU
		{3C7C7711-43FA-48A7-888F-3F565D9CDA01}.ExportDebug|Any CPU.ActiveCfg = ExportDebug|Any CPU
		{3C7C7711-43FA-48A7-888F-3F565D9CDA01}.ExportDebug|Any CPU.Build.0 = ExportDebug|Any CPU
		{3C7C7711-43FA-48A7-888F-3F565D9CDA01}.ExportRelease|Any CPU.ActiveCfg = ExportRelease|Any CPU
		{3C7C7711-43FA-48A7-888F-3F565D9CDA01}.ExportRelease|Any CPU.Build.0 = ExportRelease|Any CPU
	EndGlobalSection
EndGlobal
